
Microsoft Visual Studio Solution File, Format Version 12.00
# Blend for Visual Studio 15
VisualStudioVersion = 15.0.28307.329
MinimumVisualStudioVersion = 10.0.40219.1
Project("{FAE04EC0-301F-11D3-BF4B-00C04F79EFBC}") = "Noesis", "Noesis\Noesis.csproj", "{65F70F46-7D31-4007-9B8A-AE251390F603}"
EndProject
Global
	GlobalSection(SolutionConfigurationPlatforms) = preSolution
		Debug|Any CPU = Debug|Any CPU
		Release|Any CPU = Release|Any CPU
	EndGlobalSection
	GlobalSection(ProjectConfigurationPlatforms) = postSolution
		{65F70F46-7D31-4007-9B8A-AE251390F603}.Debug|Any CPU.ActiveCfg = Debug|Any CPU
		{65F70F46-7D31-4007-9B8A-AE251390F603}.Debug|Any CPU.Build.0 = Debug|Any CPU
		{65F70F46-7D31-4007-9B8A-AE251390F603}.Release|Any CPU.ActiveCfg = Release|Any CPU
		{65F70F46-7D31-4007-9B8A-AE251390F603}.Release|Any CPU.Build.0 = Release|Any CPU
	EndGlobalSection
	GlobalSection(SolutionProperties) = preSolution
		HideSolutionNode = FALSE
	EndGlobalSection
	GlobalSection(ExtensibilityGlobals) = postSolution
		SolutionGuid = {1D61CF92-6919-4F3C-9607-53D97A152D3B}
	EndGlobalSection
EndGlobal
